<?xml version="1.0" encoding="UTF-8"?>
<Scheme
   LastUpgradeVersion = "1630"
   version = "1.7">
   <BuildAction
      parallelizeBuildables = "YES"
      buildImplicitDependencies = "YES"
      buildArchitectures = "Automatic">
      <BuildActionEntries>
         <BuildActionEntry
            buildForTesting = "YES"
            buildForRunning = "YES"
            buildForProfiling = "YES"
            buildForArchiving = "YES"
            buildForAnalyzing = "YES">
            <BuildableReference
               BuildableIdentifier = "primary"
               BlueprintIdentifier = "9BA09D102D9379470093E6F5"
               BuildableName = "nbcampCalculatorWithUI.app"
               BlueprintName = "nbcampCalculatorWithUI"
               ReferencedContainer = "container:nbcampCalculatorWithUI.xcodeproj">
            </BuildableReference>
         </BuildActionEntry>
      </BuildActionEntries>
   </BuildAction>
   <TestAction
      buildConfiguration = "Debug"
      selectedDebuggerIdentifier = "Xcode.DebuggerFoundation.Debugger.LLDB"
      selectedLauncherIdentifier = "Xcode.DebuggerFoundation.Launcher.LLDB"
      shouldUseLaunchSchemeArgsEnv = "YES"
      shouldAutocreateTestPlan = "YES">
      <Testables>
         <TestableReference
            skipped = "NO"
            parallelizable = "YES">
            <BuildableReference
               BuildableIdentifier = "primary"
               BlueprintIdentifier = "9B1FDA7D2D9A2A9200646AA8"
               BuildableName = "nbcampCalculatorWithUITests.xctest"
               BlueprintName = "nbcampCalculatorWithUITests"
               ReferencedContainer = "container:nbcampCalculatorWithUI.xcodeproj">
            </BuildableReference>
            <SkippedTests>
               <Test
                  Identifier = "nbcampCalculatorWithUITests/testAddition()">
               </Test>
               <Test
                  Identifier = "nbcampCalculatorWithUITests/testDivision()">
               </Test>
               <Test
                  Identifier = "nbcampCalculatorWithUITests/testMixedOperators_MultiplicationPrecedence()">
               </Test>
               <Test
                  Identifier = "nbcampCalculatorWithUITests/testMultipleSamePrecedence()">
               </Test>
               <Test
                  Identifier = "nbcampCalculatorWithUITests/testMultiplication()">
               </Test>
               <Test
                  Identifier = "nbcampCalculatorWithUITests/testSubtraction()">
               </Test>
            </SkippedTests>
         </TestableReference>
      </Testables>
   </TestAction>
   <LaunchAction
      buildConfiguration = "Debug"
      selectedDebuggerIdentifier = "Xcode.DebuggerFoundation.Debugger.LLDB"
      selectedLauncherIdentifier = "Xcode.DebuggerFoundation.Launcher.LLDB"
      launchStyle = "0"
      useCustomWorkingDirectory = "NO"
      ignoresPersistentStateOnLaunch = "NO"
      debugDocumentVersioning = "YES"
      debugServiceExtension = "internal"
      allowLocationSimulation = "YES">
      <BuildableProductRunnable
         runnableDebuggingMode = "0">
         <BuildableReference
            BuildableIdentifier = "primary"
            BlueprintIdentifier = "9BA09D102D9379470093E6F5"
            BuildableName = "nbcampCalculatorWithUI.app"
            BlueprintName = "nbcampCalculatorWithUI"
            ReferencedContainer = "container:nbcampCalculatorWithUI.xcodeproj">
         </BuildableReference>
      </BuildableProductRunnable>
   </LaunchAction>
   <ProfileAction
      buildConfiguration = "Release"
      shouldUseLaunchSchemeArgsEnv = "YES"
      savedToolIdentifier = ""
      useCustomWorkingDirectory = "NO"
      debugDocumentVersioning = "YES">
      <BuildableProductRunnable
         runnableDebuggingMode = "0">
         <BuildableReference
            BuildableIdentifier = "primary"
            BlueprintIdentifier = "9BA09D102D9379470093E6F5"
            BuildableName = "nbcampCalculatorWithUI.app"
            BlueprintName = "nbcampCalculatorWithUI"
            ReferencedContainer = "container:nbcampCalculatorWithUI.xcodeproj">
         </BuildableReference>
      </BuildableProductRunnable>
   </ProfileAction>
   <AnalyzeAction
      buildConfiguration = "Debug">
   </AnalyzeAction>
   <ArchiveAction
      buildConfiguration = "Release"
      revealArchiveInOrganizer = "YES">
   </ArchiveAction>
</Scheme>
